// !$*UTF8*$!
{
	archiveVersion = 1;
	classes = {
	};
	objectVersion = 46;
	objects = {

/* Begin PBXBuildFile section */
		EE2F71101E5E0CE60046F3E9 /* main.cpp in Sources */ = {isa = PBXBuildFile; fileRef = EE2F710F1E5E0CE60046F3E9 /* main.cpp */; };
		EE2F712C1E5E0D000046F3E9 /* Card_public_test.cpp in Sources */ = {isa = PBXBuildFile; fileRef = EE2F71171E5E0D000046F3E9 /* Card_public_test.cpp */; };
		EE2F712D1E5E0D000046F3E9 /* Card_test_starter.cpp in Sources */ = {isa = PBXBuildFile; fileRef = EE2F71191E5E0D000046F3E9 /* Card_test_starter.cpp */; };
		EE2F712E1E5E0D000046F3E9 /* Card.cpp in Sources */ = {isa = PBXBuildFile; fileRef = EE2F711B1E5E0D000046F3E9 /* Card.cpp */; };
		EE2F712F1E5E0D000046F3E9 /* Makefile in Sources */ = {isa = PBXBuildFile; fileRef = EE2F71211E5E0D000046F3E9 /* Makefile */; };
		EE2F71301E5E0D000046F3E9 /* Pack_public_test.cpp in Sources */ = {isa = PBXBuildFile; fileRef = EE2F71231E5E0D000046F3E9 /* Pack_public_test.cpp */; };
		EE2F71311E5E0D000046F3E9 /* Pack_test_starter.cpp in Sources */ = {isa = PBXBuildFile; fileRef = EE2F71241E5E0D000046F3E9 /* Pack_test_starter.cpp */; };
		EE2F71321E5E0D000046F3E9 /* Pack.cpp in Sources */ = {isa = PBXBuildFile; fileRef = EE2F71251E5E0D000046F3E9 /* Pack.cpp */; };
		EE2F71331E5E0D000046F3E9 /* Player_public_test.cpp in Sources */ = {isa = PBXBuildFile; fileRef = EE2F71281E5E0D000046F3E9 /* Player_public_test.cpp */; };
		EE2F71341E5E0D000046F3E9 /* Player_test_starter.cpp in Sources */ = {isa = PBXBuildFile; fileRef = EE2F71291E5E0D000046F3E9 /* Player_test_starter.cpp */; };
/* End PBXBuildFile section */

/* Begin PBXCopyFilesBuildPhase section */
		EE2F710A1E5E0CE60046F3E9 /* CopyFiles */ = {
			isa = PBXCopyFilesBuildPhase;
			buildActionMask = 2147483647;
			dstPath = /usr/share/man/man1/;
			dstSubfolderSpec = 0;
			files = (
			);
			runOnlyForDeploymentPostprocessing = 1;
		};
/* End PBXCopyFilesBuildPhase section */

/* Begin PBXFileReference section */
		EE2F710C1E5E0CE60046F3E9 /* project3 */ = {isa = PBXFileReference; explicitFileType = "compiled.mach-o.executable"; includeInIndex = 0; path = project3; sourceTree = BUILT_PRODUCTS_DIR; };
		EE2F710F1E5E0CE60046F3E9 /* main.cpp */ = {isa = PBXFileReference; lastKnownFileType = sourcecode.cpp.cpp; path = main.cpp; sourceTree = "<group>"; };
		EE2F71161E5E0D000046F3E9 /* Card_public_test */ = {isa = PBXFileReference; lastKnownFileType = file; name = Card_public_test; path = "../../../untitled folder/Card_public_test"; sourceTree = "<group>"; };
		EE2F71171E5E0D000046F3E9 /* Card_public_test.cpp */ = {isa = PBXFileReference; fileEncoding = 4; lastKnownFileType = sourcecode.cpp.cpp; name = Card_public_test.cpp; path = "../../../untitled folder/Card_public_test.cpp"; sourceTree = "<group>"; };
		EE2F71181E5E0D000046F3E9 /* Card_test_public.exe */ = {isa = PBXFileReference; lastKnownFileType = file; name = Card_test_public.exe; path = "../../../untitled folder/Card_test_public.exe"; sourceTree = "<group>"; };
		EE2F71191E5E0D000046F3E9 /* Card_test_starter.cpp */ = {isa = PBXFileReference; fileEncoding = 4; lastKnownFileType = sourcecode.cpp.cpp; name = Card_test_starter.cpp; path = "../../../untitled folder/Card_test_starter.cpp"; sourceTree = "<group>"; };
		EE2F711A1E5E0D000046F3E9 /* Card_test_starter.exe */ = {isa = PBXFileReference; lastKnownFileType = file; name = Card_test_starter.exe; path = "../../../untitled folder/Card_test_starter.exe"; sourceTree = "<group>"; };
		EE2F711B1E5E0D000046F3E9 /* Card.cpp */ = {isa = PBXFileReference; fileEncoding = 4; lastKnownFileType = sourcecode.cpp.cpp; name = Card.cpp; path = "../../../untitled folder/Card.cpp"; sourceTree = "<group>"; };
		EE2F711C1E5E0D000046F3E9 /* Card.h */ = {isa = PBXFileReference; fileEncoding = 4; lastKnownFileType = sourcecode.c.h; name = Card.h; path = "../../../untitled folder/Card.h"; sourceTree = "<group>"; };
		EE2F711D1E5E0D000046F3E9 /* euchre_test00.out.correct */ = {isa = PBXFileReference; fileEncoding = 4; lastKnownFileType = text; name = euchre_test00.out.correct; path = "../../../untitled folder/euchre_test00.out.correct"; sourceTree = "<group>"; };
		EE2F711E1E5E0D000046F3E9 /* euchre_test01.out.correct */ = {isa = PBXFileReference; fileEncoding = 4; lastKnownFileType = text; name = euchre_test01.out.correct; path = "../../../untitled folder/euchre_test01.out.correct"; sourceTree = "<group>"; };
		EE2F711F1E5E0D000046F3E9 /* euchre_test50.in */ = {isa = PBXFileReference; fileEncoding = 4; lastKnownFileType = text; name = euchre_test50.in; path = "../../../untitled folder/euchre_test50.in"; sourceTree = "<group>"; };
		EE2F71201E5E0D000046F3E9 /* euchre_test50.out.correct */ = {isa = PBXFileReference; fileEncoding = 4; lastKnownFileType = text; name = euchre_test50.out.correct; path = "../../../untitled folder/euchre_test50.out.correct"; sourceTree = "<group>"; };
		EE2F71211E5E0D000046F3E9 /* Makefile */ = {isa = PBXFileReference; fileEncoding = 4; lastKnownFileType = sourcecode.make; name = Makefile; path = "../../../untitled folder/Makefile"; sourceTree = "<group>"; };
		EE2F71221E5E0D000046F3E9 /* Pack_public_test */ = {isa = PBXFileReference; lastKnownFileType = file; name = Pack_public_test; path = "../../../untitled folder/Pack_public_test"; sourceTree = "<group>"; };
		EE2F71231E5E0D000046F3E9 /* Pack_public_test.cpp */ = {isa = PBXFileReference; fileEncoding = 4; lastKnownFileType = sourcecode.cpp.cpp; name = Pack_public_test.cpp; path = "../../../untitled folder/Pack_public_test.cpp"; sourceTree = "<group>"; };
		EE2F71241E5E0D000046F3E9 /* Pack_test_starter.cpp */ = {isa = PBXFileReference; fileEncoding = 4; lastKnownFileType = sourcecode.cpp.cpp; name = Pack_test_starter.cpp; path = "../../../untitled folder/Pack_test_starter.cpp"; sourceTree = "<group>"; };
		EE2F71251E5E0D000046F3E9 /* Pack.cpp */ = {isa = PBXFileReference; fileEncoding = 4; lastKnownFileType = sourcecode.cpp.cpp; name = Pack.cpp; path = "../../../untitled folder/Pack.cpp"; sourceTree = "<group>"; };
		EE2F71261E5E0D000046F3E9 /* Pack.h */ = {isa = PBXFileReference; fileEncoding = 4; lastKnownFileType = sourcecode.c.h; name = Pack.h; path = "../../../untitled folder/Pack.h"; sourceTree = "<group>"; };
		EE2F71271E5E0D000046F3E9 /* pack.in */ = {isa = PBXFileReference; fileEncoding = 4; lastKnownFileType = text; name = pack.in; path = "../../../untitled folder/pack.in"; sourceTree = "<group>"; };
		EE2F71281E5E0D000046F3E9 /* Player_public_test.cpp */ = {isa = PBXFileReference; fileEncoding = 4; lastKnownFileType = sourcecode.cpp.cpp; name = Player_public_test.cpp; path = "../../../untitled folder/Player_public_test.cpp"; sourceTree = "<group>"; };
		EE2F71291E5E0D000046F3E9 /* Player_test_starter.cpp */ = {isa = PBXFileReference; fileEncoding = 4; lastKnownFileType = sourcecode.cpp.cpp; name = Player_test_starter.cpp; path = "../../../untitled folder/Player_test_starter.cpp"; sourceTree = "<group>"; };
		EE2F712A1E5E0D000046F3E9 /* Player.h */ = {isa = PBXFileReference; fileEncoding = 4; lastKnownFileType = sourcecode.c.h; name = Player.h; path = "../../../untitled folder/Player.h"; sourceTree = "<group>"; };
		EE2F712B1E5E0D000046F3E9 /* run_my_tests.py */ = {isa = PBXFileReference; fileEncoding = 4; lastKnownFileType = text.script.python; name = run_my_tests.py; path = "../../../untitled folder/run_my_tests.py"; sourceTree = "<group>"; };
/* End PBXFileReference section */

/* Begin PBXFrameworksBuildPhase section */
		EE2F71091E5E0CE60046F3E9 /* Frameworks */ = {
			isa = PBXFrameworksBuildPhase;
			buildActionMask = 2147483647;
			files = (
			);
			runOnlyForDeploymentPostprocessing = 0;
		};
/* End PBXFrameworksBuildPhase section */

/* Begin PBXGroup section */
		EE2F71031E5E0CE60046F3E9 = {
			isa = PBXGroup;
			children = (
				EE2F710E1E5E0CE60046F3E9 /* project3 */,
				EE2F710D1E5E0CE60046F3E9 /* Products */,
			);
			sourceTree = "<group>";
		};
		EE2F710D1E5E0CE60046F3E9 /* Products */ = {
			isa = PBXGroup;
			children = (
				EE2F710C1E5E0CE60046F3E9 /* project3 */,
			);
			name = Products;
			sourceTree = "<group>";
		};
		EE2F710E1E5E0CE60046F3E9 /* project3 */ = {
			isa = PBXGroup;
			children = (
				EE2F710F1E5E0CE60046F3E9 /* main.cpp */,
				EE2F71161E5E0D000046F3E9 /* Card_public_test */,
				EE2F71171E5E0D000046F3E9 /* Card_public_test.cpp */,
				EE2F71181E5E0D000046F3E9 /* Card_test_public.exe */,
				EE2F71191E5E0D000046F3E9 /* Card_test_starter.cpp */,
				EE2F711A1E5E0D000046F3E9 /* Card_test_starter.exe */,
				EE2F711B1E5E0D000046F3E9 /* Card.cpp */,
				EE2F711C1E5E0D000046F3E9 /* Card.h */,
				EE2F711D1E5E0D000046F3E9 /* euchre_test00.out.correct */,
				EE2F711E1E5E0D000046F3E9 /* euchre_test01.out.correct */,
				EE2F711F1E5E0D000046F3E9 /* euchre_test50.in */,
				EE2F71201E5E0D000046F3E9 /* euchre_test50.out.correct */,
				EE2F71211E5E0D000046F3E9 /* Makefile */,
				EE2F71221E5E0D000046F3E9 /* Pack_public_test */,
				EE2F71231E5E0D000046F3E9 /* Pack_public_test.cpp */,
				EE2F71241E5E0D000046F3E9 /* Pack_test_starter.cpp */,
				EE2F71251E5E0D000046F3E9 /* Pack.cpp */,
				EE2F71261E5E0D000046F3E9 /* Pack.h */,
				EE2F71271E5E0D000046F3E9 /* pack.in */,
				EE2F71281E5E0D000046F3E9 /* Player_public_test.cpp */,
				EE2F71291E5E0D000046F3E9 /* Player_test_starter.cpp */,
				EE2F712A1E5E0D000046F3E9 /* Player.h */,
				EE2F712B1E5E0D000046F3E9 /* run_my_tests.py */,
			);
			path = project3;
			sourceTree = "<group>";
		};
/* End PBXGroup section */

/* Begin PBXNativeTarget section */
		EE2F710B1E5E0CE60046F3E9 /* project3 */ = {
			isa = PBXNativeTarget;
			buildConfigurationList = EE2F71131E5E0CE60046F3E9 /* Build configuration list for PBXNativeTarget "project3" */;
			buildPhases = (
				EE2F71081E5E0CE60046F3E9 /* Sources */,
				EE2F71091E5E0CE60046F3E9 /* Frameworks */,
				EE2F710A1E5E0CE60046F3E9 /* CopyFiles */,
			);
			buildRules = (
			);
			dependencies = (
			);
			name = project3;
			productName = project3;
			productReference = EE2F710C1E5E0CE60046F3E9 /* project3 */;
			productType = "com.apple.product-type.tool";
		};
/* End PBXNativeTarget section */

/* Begin PBXProject section */
		EE2F71041E5E0CE60046F3E9 /* Project object */ = {
			isa = PBXProject;
			attributes = {
				LastUpgradeCheck = 0810;
				ORGANIZATIONNAME = "Chacko, Shaun";
				TargetAttributes = {
					EE2F710B1E5E0CE60046F3E9 = {
						CreatedOnToolsVersion = 8.1;
						ProvisioningStyle = Automatic;
					};
				};
			};
			buildConfigurationList = EE2F71071E5E0CE60046F3E9 /* Build configuration list for PBXProject "project3" */;
			compatibilityVersion = "Xcode 3.2";
			developmentRegion = English;
			hasScannedForEncodings = 0;
			knownRegions = (
				en,
			);
			mainGroup = EE2F71031E5E0CE60046F3E9;
			productRefGroup = EE2F710D1E5E0CE60046F3E9 /* Products */;
			projectDirPath = "";
			projectRoot = "";
			targets = (
				EE2F710B1E5E0CE60046F3E9 /* project3 */,
			);
		};
/* End PBXProject section */

/* Begin PBXSourcesBuildPhase section */
		EE2F71081E5E0CE60046F3E9 /* Sources */ = {
			isa = PBXSourcesBuildPhase;
			buildActionMask = 2147483647;
			files = (
				EE2F71321E5E0D000046F3E9 /* Pack.cpp in Sources */,
				EE2F71331E5E0D000046F3E9 /* Player_public_test.cpp in Sources */,
				EE2F71341E5E0D000046F3E9 /* Player_test_starter.cpp in Sources */,
				EE2F712F1E5E0D000046F3E9 /* Makefile in Sources */,
				EE2F712D1E5E0D000046F3E9 /* Card_test_starter.cpp in Sources */,
				EE2F712C1E5E0D000046F3E9 /* Card_public_test.cpp in Sources */,
				EE2F71101E5E0CE60046F3E9 /* main.cpp in Sources */,
				EE2F712E1E5E0D000046F3E9 /* Card.cpp in Sources */,
				EE2F71301E5E0D000046F3E9 /* Pack_public_test.cpp in Sources */,
				EE2F71311E5E0D000046F3E9 /* Pack_test_starter.cpp in Sources */,
			);
			runOnlyForDeploymentPostprocessing = 0;
		};
/* End PBXSourcesBuildPhase section */

/* Begin XCBuildConfiguration section */
		EE2F71111E5E0CE60046F3E9 /* Debug */ = {
			isa = XCBuildConfiguration;
			buildSettings = {
				ALWAYS_SEARCH_USER_PATHS = NO;
				CLANG_ANALYZER_NONNULL = YES;
				CLANG_CXX_LANGUAGE_STANDARD = "gnu++0x";
				CLANG_CXX_LIBRARY = "libc++";
				CLANG_ENABLE_MODULES = YES;
				CLANG_ENABLE_OBJC_ARC = YES;
				CLANG_WARN_BOOL_CONVERSION = YES;
				CLANG_WARN_CONSTANT_CONVERSION = YES;
				CLANG_WARN_DIRECT_OBJC_ISA_USAGE = YES_ERROR;
				CLANG_WARN_DOCUMENTATION_COMMENTS = YES;
				CLANG_WARN_EMPTY_BODY = YES;
				CLANG_WARN_ENUM_CONVERSION = YES;
				CLANG_WARN_INFINITE_RECURSION = YES;
				CLANG_WARN_INT_CONVERSION = YES;
				CLANG_WARN_OBJC_ROOT_CLASS = YES_ERROR;
				CLANG_WARN_SUSPICIOUS_MOVES = YES;
				CLANG_WARN_UNREACHABLE_CODE = YES;
				CLANG_WARN__DUPLICATE_METHOD_MATCH = YES;
				CODE_SIGN_IDENTITY = "-";
				COPY_PHASE_STRIP = NO;
				DEBUG_INFORMATION_FORMAT = dwarf;
				ENABLE_STRICT_OBJC_MSGSEND = YES;
				ENABLE_TESTABILITY = YES;
				GCC_C_LANGUAGE_STANDARD = gnu99;
				GCC_DYNAMIC_NO_PIC = NO;
				GCC_NO_COMMON_BLOCKS = YES;
				GCC_OPTIMIZATION_LEVEL = 0;
				GCC_PREPROCESSOR_DEFINITIONS = (
					"DEBUG=1",
					"$(inherited)",
				);
				GCC_WARN_64_TO_32_BIT_CONVERSION = YES;
				GCC_WARN_ABOUT_RETURN_TYPE = YES_ERROR;
				GCC_WARN_UNDECLARED_SELECTOR = YES;
				GCC_WARN_UNINITIALIZED_AUTOS = YES_AGGRESSIVE;
				GCC_WARN_UNUSED_FUNCTION = YES;
				GCC_WARN_UNUSED_VARIABLE = YES;
				MACOSX_DEPLOYMENT_TARGET = 10.11;
				MTL_ENABLE_DEBUG_INFO = YES;
				ONLY_ACTIVE_ARCH = YES;
				SDKROOT = macosx;
			};
			name = Debug;
		};
		EE2F71121E5E0CE60046F3E9 /* Release */ = {
			isa = XCBuildConfiguration;
			buildSettings = {
				ALWAYS_SEARCH_USER_PATHS = NO;
				CLANG_ANALYZER_NONNULL = YES;
				CLANG_CXX_LANGUAGE_STANDARD = "gnu++0x";
				CLANG_CXX_LIBRARY = "libc++";
				CLANG_ENABLE_MODULES = YES;
				CLANG_ENABLE_OBJC_ARC = YES;
				CLANG_WARN_BOOL_CONVERSION = YES;
				CLANG_WARN_CONSTANT_CONVERSION = YES;
				CLANG_WARN_DIRECT_OBJC_ISA_USAGE = YES_ERROR;
				CLANG_WARN_DOCUMENTATION_COMMENTS = YES;
				CLANG_WARN_EMPTY_BODY = YES;
				CLANG_WARN_ENUM_CONVERSION = YES;
				CLANG_WARN_INFINITE_RECURSION = YES;
				CLANG_WARN_INT_CONVERSION = YES;
				CLANG_WARN_OBJC_ROOT_CLASS = YES_ERROR;
				CLANG_WARN_SUSPICIOUS_MOVES = YES;
				CLANG_WARN_UNREACHABLE_CODE = YES;
				CLANG_WARN__DUPLICATE_METHOD_MATCH = YES;
				CODE_SIGN_IDENTITY = "-";
				COPY_PHASE_STRIP = NO;
				DEBUG_INFORMATION_FORMAT = "dwarf-with-dsym";
				ENABLE_NS_ASSERTIONS = NO;
				ENABLE_STRICT_OBJC_MSGSEND = YES;
				GCC_C_LANGUAGE_STANDARD = gnu99;
				GCC_NO_COMMON_BLOCKS = YES;
				GCC_WARN_64_TO_32_BIT_CONVERSION = YES;
				GCC_WARN_ABOUT_RETURN_TYPE = YES_ERROR;
				GCC_WARN_UNDECLARED_SELECTOR = YES;
				GCC_WARN_UNINITIALIZED_AUTOS = YES_AGGRESSIVE;
				GCC_WARN_UNUSED_FUNCTION = YES;
				GCC_WARN_UNUSED_VARIABLE = YES;
				MACOSX_DEPLOYMENT_TARGET = 10.11;
				MTL_ENABLE_DEBUG_INFO = NO;
				SDKROOT = macosx;
			};
			name = Release;
		};
		EE2F71141E5E0CE60046F3E9 /* Debug */ = {
			isa = XCBuildConfiguration;
			buildSettings = {
				PRODUCT_NAME = "$(TARGET_NAME)";
			};
			name = Debug;
		};
		EE2F71151E5E0CE60046F3E9 /* Release */ = {
			isa = XCBuildConfiguration;
			buildSettings = {
				PRODUCT_NAME = "$(TARGET_NAME)";
			};
			name = Release;
		};
/* End XCBuildConfiguration section */

/* Begin XCConfigurationList section */
		EE2F71071E5E0CE60046F3E9 /* Build configuration list for PBXProject "project3" */ = {
			isa = XCConfigurationList;
			buildConfigurations = (
				EE2F71111E5E0CE60046F3E9 /* Debug */,
				EE2F71121E5E0CE60046F3E9 /* Release */,
			);
			defaultConfigurationIsVisible = 0;
			defaultConfigurationName = Release;
		};
		EE2F71131E5E0CE60046F3E9 /* Build configuration list for PBXNativeTarget "project3" */ = {
			isa = XCConfigurationList;
			buildConfigurations = (
				EE2F71141E5E0CE60046F3E9 /* Debug */,
				EE2F71151E5E0CE60046F3E9 /* Release */,
			);
			defaultConfigurationIsVisible = 0;
		};
/* End XCConfigurationList section */
	};
	rootObject = EE2F71041E5E0CE60046F3E9 /* Project object */;
}
